
Microsoft Visual Studio Solution File, Format Version 12.00
# Visual Studio Version 17
VisualStudioVersion = 17.11.35327.3
MinimumVisualStudioVersion = 10.0.40219.1
Project("{FAE04EC0-301F-11D3-BF4B-00C04F79EFBC}") = "AutenticacionConBD", "AutenticacionConBD\AutenticacionConBD.csproj", "{842268C4-AC4A-429B-A399-0A6F0739AB61}"
EndProject
Global
	GlobalSection(SolutionConfigurationPlatforms) = preSolution
		Debug|Any CPU = Debug|Any CPU
		Release|Any CPU = Release|Any CPU
	EndGlobalSection
	GlobalSection(ProjectConfigurationPlatforms) = postSolution
		{842268C4-AC4A-429B-A399-0A6F0739AB61}.Debug|Any CPU.ActiveCfg = Debug|Any CPU
		{842268C4-AC4A-429B-A399-0A6F0739AB61}.Debug|Any CPU.Build.0 = Debug|Any CPU
		{842268C4-AC4A-429B-A399-0A6F0739AB61}.Release|Any CPU.ActiveCfg = Release|Any CPU
		{842268C4-AC4A-429B-A399-0A6F0739AB61}.Release|Any CPU.Build.0 = Release|Any CPU
	EndGlobalSection
	GlobalSection(SolutionProperties) = preSolution
		HideSolutionNode = FALSE
	EndGlobalSection
	GlobalSection(ExtensibilityGlobals) = postSolution
		SolutionGuid = {91A9FE90-F7B4-4AEB-AD5C-6D12D0A0F46E}
	EndGlobalSection
EndGlobal
