
Microsoft Visual Studio Solution File, Format Version 12.00
# Visual Studio Version 17
VisualStudioVersion = 17.11.35327.3
MinimumVisualStudioVersion = 10.0.40219.1
Project("{FAE04EC0-301F-11D3-BF4B-00C04F79EFBC}") = "EjerciciosPOO_Raul_Gonzalez", "EjerciciosPOO_Raul_Gonzalez\EjerciciosPOO_Raul_Gonzalez.csproj", "{BB89B0D9-ACD2-4BA4-BCBA-7E77664C95AD}"
EndProject
Global
	GlobalSection(SolutionConfigurationPlatforms) = preSolution
		Debug|Any CPU = Debug|Any CPU
		Release|Any CPU = Release|Any CPU
	EndGlobalSection
	GlobalSection(ProjectConfigurationPlatforms) = postSolution
		{BB89B0D9-ACD2-4BA4-BCBA-7E77664C95AD}.Debug|Any CPU.ActiveCfg = Debug|Any CPU
		{BB89B0D9-ACD2-4BA4-BCBA-7E77664C95AD}.Debug|Any CPU.Build.0 = Debug|Any CPU
		{BB89B0D9-ACD2-4BA4-BCBA-7E77664C95AD}.Release|Any CPU.ActiveCfg = Release|Any CPU
		{BB89B0D9-ACD2-4BA4-BCBA-7E77664C95AD}.Release|Any CPU.Build.0 = Release|Any CPU
	EndGlobalSection
	GlobalSection(SolutionProperties) = preSolution
		HideSolutionNode = FALSE
	EndGlobalSection
	GlobalSection(ExtensibilityGlobals) = postSolution
		SolutionGuid = {C5AA0179-C605-4F57-86AC-7CF83E053120}
	EndGlobalSection
EndGlobal
